{"version":4,"terraform_version":"1.12.1","serial":9,"lineage":"f6795f90-093e-6f46-6484-704d97abdfb7","outputs":{},"resources":[{"mode":"managed","type":"aws_ecr_repository","name":"go_service","provider":"provider[\"registry.opentofu.org/hashicorp/aws\"]","instances":[{"schema_version":0,"attributes":{"arn":"arn:aws:ecr:us-west-2:658310026229:repository/stateless-app-go","encryption_configuration":[{"encryption_type":"AES256","kms_key":""}],"force_delete":null,"id":"stateless-app-go","image_scanning_configuration":[{"scan_on_push":true}],"image_tag_mutability":"MUTABLE","name":"stateless-app-go","registry_id":"658310026229","repository_url":"658310026229.dkr.ecr.us-west-2.amazonaws.com/stateless-app-go","tags":{},"tags_all":{},"timeouts":null},"sensitive_attributes":[],"private":"eyJlMmJmYjczMC1lY2FhLTExZTYtOGY4OC0zNDM2M2JjN2M0YzAiOnsiZGVsZXRlIjoxMjAwMDAwMDAwMDAwfX0="}]},{"mode":"managed","type":"aws_ecr_repository","name":"swift_service","provider":"provider[\"registry.opentofu.org/hashicorp/aws\"]","instances":[{"schema_version":0,"attributes":{"arn":"arn:aws:ecr:us-west-2:658310026229:repository/stateless-app-swift","encryption_configuration":[{"encryption_type":"AES256","kms_key":""}],"force_delete":null,"id":"stateless-app-swift","image_scanning_configuration":[{"scan_on_push":true}],"image_tag_mutability":"MUTABLE","name":"stateless-app-swift","registry_id":"658310026229","repository_url":"658310026229.dkr.ecr.us-west-2.amazonaws.com/stateless-app-swift","tags":{},"tags_all":{},"timeouts":null},"sensitive_attributes":[],"private":"eyJlMmJmYjczMC1lY2FhLTExZTYtOGY4OC0zNDM2M2JjN2M0YzAiOnsiZGVsZXRlIjoxMjAwMDAwMDAwMDAwfX0="}]}],"check_results":null}
