{
  "version": 4,
  "terraform_version": "1.12.1",
  "serial": 21,
  "lineage": "f6795f90-093e-6f46-6484-704d97abdfb7",
  "outputs": {
    "aws_account_id": {
      "value": "658310026229",
      "type": "string"
    },
    "aws_region": {
      "value": "us-west-2",
      "type": "string"
    },
    "go_ecr_repository_url": {
      "value": "658310026229.dkr.ecr.us-west-2.amazonaws.com/stateless-app-go",
      "type": "string"
    },
    "swift_ecr_repository_url": {
      "value": "658310026229.dkr.ecr.us-west-2.amazonaws.com/stateless-app-swift",
      "type": "string"
    }
  },
  "resources": [
    {
      "mode": "data",
      "type": "aws_caller_identity",
      "name": "current",
      "provider": "provider[\"registry.opentofu.org/hashicorp/aws\"]",
      "instances": [
        {
          "schema_version": 0,
          "attributes": {
            "account_id": "658310026229",
            "arn": "arn:aws:iam::658310026229:user/terraform-user",
            "id": "658310026229",
            "user_id": "AIDAZSRSV2P25BGBJGH56"
          },
          "sensitive_attributes": []
        }
      ]
    },
    {
      "mode": "data",
      "type": "aws_region",
      "name": "current",
      "provider": "provider[\"registry.opentofu.org/hashicorp/aws\"]",
      "instances": [
        {
          "schema_version": 0,
          "attributes": {
            "description": "US West (Oregon)",
            "endpoint": "ec2.us-west-2.amazonaws.com",
            "id": "us-west-2",
            "name": "us-west-2"
          },
          "sensitive_attributes": []
        }
      ]
    },
    {
      "mode": "data",
      "type": "aws_subnets",
      "name": "default",
      "provider": "provider[\"registry.opentofu.org/hashicorp/aws\"]",
      "instances": [
        {
          "schema_version": 0,
          "attributes": {
            "filter": [
              {
                "name": "vpc-id",
                "values": [
                  "vpc-007111b092a28a3bb"
                ]
              }
            ],
            "id": "us-west-2",
            "ids": [
              "subnet-02398a24b1978edbc",
              "subnet-0c06e96c852383687",
              "subnet-0bc2edb552b2b71f0",
              "subnet-0acfde0ae7cca3bac"
            ],
            "tags": null,
            "timeouts": null
          },
          "sensitive_attributes": []
        }
      ]
    },
    {
      "mode": "data",
      "type": "aws_vpc",
      "name": "default",
      "provider": "provider[\"registry.opentofu.org/hashicorp/aws\"]",
      "instances": [
        {
          "schema_version": 0,
          "attributes": {
            "arn": "arn:aws:ec2:us-west-2:658310026229:vpc/vpc-007111b092a28a3bb",
            "cidr_block": "172.31.0.0/16",
            "cidr_block_associations": [
              {
                "association_id": "vpc-cidr-assoc-00ac491c6497b8362",
                "cidr_block": "172.31.0.0/16",
                "state": "associated"
              }
            ],
            "default": true,
            "dhcp_options_id": "dopt-048178e8c10bde6d1",
            "enable_dns_hostnames": true,
            "enable_dns_support": true,
            "enable_network_address_usage_metrics": false,
            "filter": null,
            "id": "vpc-007111b092a28a3bb",
            "instance_tenancy": "default",
            "ipv6_association_id": "",
            "ipv6_cidr_block": "",
            "main_route_table_id": "rtb-0554819345a0f5f4b",
            "owner_id": "658310026229",
            "state": null,
            "tags": {},
            "timeouts": null
          },
          "sensitive_attributes": []
        }
      ]
    },
    {
      "mode": "managed",
      "type": "aws_ecr_repository",
      "name": "go_service",
      "provider": "provider[\"registry.opentofu.org/hashicorp/aws\"]",
      "instances": [
        {
          "schema_version": 0,
          "attributes": {
            "arn": "arn:aws:ecr:us-west-2:658310026229:repository/stateless-app-go",
            "encryption_configuration": [
              {
                "encryption_type": "AES256",
                "kms_key": ""
              }
            ],
            "force_delete": null,
            "id": "stateless-app-go",
            "image_scanning_configuration": [
              {
                "scan_on_push": true
              }
            ],
            "image_tag_mutability": "MUTABLE",
            "name": "stateless-app-go",
            "registry_id": "658310026229",
            "repository_url": "658310026229.dkr.ecr.us-west-2.amazonaws.com/stateless-app-go",
            "tags": {},
            "tags_all": {},
            "timeouts": null
          },
          "sensitive_attributes": [],
          "private": "eyJlMmJmYjczMC1lY2FhLTExZTYtOGY4OC0zNDM2M2JjN2M0YzAiOnsiZGVsZXRlIjoxMjAwMDAwMDAwMDAwfX0="
        }
      ]
    },
    {
      "mode": "managed",
      "type": "aws_ecr_repository",
      "name": "swift_service",
      "provider": "provider[\"registry.opentofu.org/hashicorp/aws\"]",
      "instances": [
        {
          "schema_version": 0,
          "attributes": {
            "arn": "arn:aws:ecr:us-west-2:658310026229:repository/stateless-app-swift",
            "encryption_configuration": [
              {
                "encryption_type": "AES256",
                "kms_key": ""
              }
            ],
            "force_delete": null,
            "id": "stateless-app-swift",
            "image_scanning_configuration": [
              {
                "scan_on_push": true
              }
            ],
            "image_tag_mutability": "MUTABLE",
            "name": "stateless-app-swift",
            "registry_id": "658310026229",
            "repository_url": "658310026229.dkr.ecr.us-west-2.amazonaws.com/stateless-app-swift",
            "tags": {},
            "tags_all": {},
            "timeouts": null
          },
          "sensitive_attributes": [],
          "private": "eyJlMmJmYjczMC1lY2FhLTExZTYtOGY4OC0zNDM2M2JjN2M0YzAiOnsiZGVsZXRlIjoxMjAwMDAwMDAwMDAwfX0="
        }
      ]
    },
    {
      "mode": "managed",
      "type": "aws_eks_cluster",
      "name": "stateless_app",
      "provider": "provider[\"registry.opentofu.org/hashicorp/aws\"]",
      "instances": [
        {
          "schema_version": 1,
          "attributes": {
            "access_config": [
              {
                "authentication_mode": "CONFIG_MAP",
                "bootstrap_cluster_creator_admin_permissions": true
              }
            ],
            "arn": "arn:aws:eks:us-west-2:658310026229:cluster/stateless-app-eks",
            "bootstrap_self_managed_addons": true,
            "certificate_authority": [
              {
                "data": "LS0tLS1CRUdJTiBDRVJUSUZJQ0FURS0tLS0tCk1JSURCVENDQWUyZ0F3SUJBZ0lJVEE4czQ5ZEQyVlF3RFFZSktvWklodmNOQVFFTEJRQXdGVEVUTUJFR0ExVUUKQXhNS2EzVmlaWEp1WlhSbGN6QWVGdzB5TmpBMU16RXlNRFUyTlRCYUZ3MHpOakExTWpneU1UQXhOVEJhTUJVeApFekFSQmdOVkJBTVRDbXQxWW1WeWJtVjBaWE13Z2dFaU1BMEdDU3FHU0liM0RRRUJBUVVBQTRJQkR3QXdnZ0VLCkFvSUJBUURzNVdGdXUzQmtYY1lJbmdnRWRrME9SSzIwRzgyTnpCdVZqZWROcERVRENOWHNPdThwc29SUG1XMXAKT3ROUWtZTHlSSllkdVp5UGUxUGt6N1VTdmJXeSsvYXpZTmlhSFlxQUxibGE1b1JTSmZwN3NpZ3dKa2lnUTFDYgpwZlV2ekhibjNBeTdPL2FNMFpUSUwzSDY1bkZUWlU5aDhuRjRaQU16aGR3VWJjTTd0d1EydEZIaDJSVWhmOVFTClo4Zk9ydVN0VWN2OFg0ajlGUVBhMk5oSjYrNVQ2NE1VVjNZN3pyakVPbHpxOHZCUkVDUjIyMVlKZ1FlSE9LaWcKWWZXaUFpMmYrbk9Fa2RVTGxFVk1Mem5VQjBGZVZnc2FCVHFqZHNkeTlzZGRoN2lvYTRKVG5wZWVrcGZSVC9tUQpGbnYzTjlvaFcwZ2JtNTZWOGtpTGJFUUVWcUJ0QWdNQkFBR2pXVEJYTUE0R0ExVWREd0VCL3dRRUF3SUNwREFQCkJnTlZIUk1CQWY4RUJUQURBUUgvTUIwR0ExVWREZ1FXQkJRamtybVN2N2NBRHk4ODBWZmYzVlpLWFlCVGhEQVYKQmdOVkhSRUVEakFNZ2dwcmRXSmxjbTVsZEdWek1BMEdDU3FHU0liM0RRRUJDd1VBQTRJQkFRRGhBWVpRa2lpbApBWE5NYUxzeFpROUxNL0NCUHJyWTZYWGwxV3BGZ2FULzRhM1o2aVc3WjNtb1g0Vm5NUkp2aFc2ZDlvemJNckx2CkRsK2FJZVpoOVNxZ2xYUlZvVXpQVU40M25EYW9nYjBzOC92L1JlMGxYOFl3dUlxZFR6SXBQaW1zYnYxYjNEdWEKWkFRL0NPb2hJbG5kTEFRMVh2MnJxTE5paU9nWUtGSEFEZU8vdWdUV2V6SEc1aFVFZStBV2tpQUJBbzNCeHBXcAp6eGxZNC9RQm9ra0diUmNVdHhpZUY1NS9ZV1kreTNBemw1S0ljVEkzaktFRHU0Q3VXY2NKZmttd0ZWbFF6dWJnCnErMVJGTkFKVS84aitoU2l1NnRmMVJ5WkZnVDZPM0Z1a1hFNmp4Z3ZwbDhOL3JSdkpuOExrUlVBWFJCVkVTdmEKOFpwMTh0cTh1T1EyCi0tLS0tRU5EIENFUlRJRklDQVRFLS0tLS0K"
              }
            ],
            "cluster_id": null,
            "compute_config": [],
            "created_at": "2026-05-31T20:56:07Z",
            "enabled_cluster_log_types": [],
            "encryption_config": [],
            "endpoint": "https://7DB28ADCAB0B6068E7DECFC2C39EBA14.gr7.us-west-2.eks.amazonaws.com",
            "force_update_version": null,
            "id": "stateless-app-eks",
            "identity": [
              {
                "oidc": [
                  {
                    "issuer": "https://oidc.eks.us-west-2.amazonaws.com/id/7DB28ADCAB0B6068E7DECFC2C39EBA14"
                  }
                ]
              }
            ],
            "kubernetes_network_config": [
              {
                "elastic_load_balancing": [
                  {
                    "enabled": false
                  }
                ],
                "ip_family": "ipv4",
                "service_ipv4_cidr": "10.100.0.0/16",
                "service_ipv6_cidr": ""
              }
            ],
            "name": "stateless-app-eks",
            "outpost_config": [],
            "platform_version": "eks.13",
            "remote_network_config": [],
            "role_arn": "arn:aws:iam::658310026229:role/stateless-app-eks-cluster-role",
            "status": "ACTIVE",
            "storage_config": [],
            "tags": {
              "Lab": "true",
              "Project": "stateless-app"
            },
            "tags_all": {
              "Lab": "true",
              "Project": "stateless-app"
            },
            "timeouts": null,
            "upgrade_policy": [
              {
                "support_type": "EXTENDED"
              }
            ],
            "version": "1.35",
            "vpc_config": [
              {
                "cluster_security_group_id": "sg-025a66e920477e740",
                "endpoint_private_access": false,
                "endpoint_public_access": true,
                "public_access_cidrs": [
                  "0.0.0.0/0"
                ],
                "security_group_ids": [],
                "subnet_ids": [
                  "subnet-02398a24b1978edbc",
                  "subnet-0acfde0ae7cca3bac",
                  "subnet-0bc2edb552b2b71f0",
                  "subnet-0c06e96c852383687"
                ],
                "vpc_id": "vpc-007111b092a28a3bb"
              }
            ],
            "zonal_shift_config": []
          },
          "sensitive_attributes": [],
          "private": "eyJlMmJmYjczMC1lY2FhLTExZTYtOGY4OC0zNDM2M2JjN2M0YzAiOnsiY3JlYXRlIjoxODAwMDAwMDAwMDAwLCJkZWxldGUiOjkwMDAwMDAwMDAwMCwidXBkYXRlIjozNjAwMDAwMDAwMDAwfSwic2NoZW1hX3ZlcnNpb24iOiIxIn0=",
          "dependencies": [
            "aws_iam_role.eks_cluster",
            "aws_iam_role_policy_attachment.eks_cluster_policy",
            "data.aws_subnets.default",
            "data.aws_vpc.default"
          ]
        }
      ]
    },
    {
      "mode": "managed",
      "type": "aws_eks_node_group",
      "name": "stateless_app",
      "provider": "provider[\"registry.opentofu.org/hashicorp/aws\"]",
      "instances": [
        {
          "schema_version": 0,
          "attributes": {
            "ami_type": "AL2023_ARM_64_STANDARD",
            "arn": "arn:aws:eks:us-west-2:658310026229:nodegroup/stateless-app-eks/stateless-app-nodes/52cf3fec-9620-ff71-2a31-f593f0b3dcd4",
            "capacity_type": "ON_DEMAND",
            "cluster_name": "stateless-app-eks",
            "disk_size": 20,
            "force_update_version": null,
            "id": "stateless-app-eks:stateless-app-nodes",
            "instance_types": [
              "t4g.small"
            ],
            "labels": {},
            "launch_template": [],
            "node_group_name": "stateless-app-nodes",
            "node_group_name_prefix": "",
            "node_repair_config": [],
            "node_role_arn": "arn:aws:iam::658310026229:role/stateless-app-eks-node-group-role",
            "release_version": "1.35.5-20260527",
            "remote_access": [],
            "resources": [
              {
                "autoscaling_groups": [
                  {
                    "name": "eks-stateless-app-nodes-52cf3fec-9620-ff71-2a31-f593f0b3dcd4"
                  }
                ],
                "remote_access_security_group_id": ""
              }
            ],
            "scaling_config": [
              {
                "desired_size": 1,
                "max_size": 1,
                "min_size": 1
              }
            ],
            "status": "ACTIVE",
            "subnet_ids": [
              "subnet-02398a24b1978edbc",
              "subnet-0acfde0ae7cca3bac",
              "subnet-0bc2edb552b2b71f0",
              "subnet-0c06e96c852383687"
            ],
            "tags": {
              "Lab": "true",
              "Project": "stateless-app"
            },
            "tags_all": {
              "Lab": "true",
              "Project": "stateless-app"
            },
            "taint": [],
            "timeouts": null,
            "update_config": [
              {
                "max_unavailable": 1,
                "max_unavailable_percentage": 0
              }
            ],
            "version": "1.35"
          },
          "sensitive_attributes": [],
          "private": "eyJlMmJmYjczMC1lY2FhLTExZTYtOGY4OC0zNDM2M2JjN2M0YzAiOnsiY3JlYXRlIjozNjAwMDAwMDAwMDAwLCJkZWxldGUiOjM2MDAwMDAwMDAwMDAsInVwZGF0ZSI6MzYwMDAwMDAwMDAwMH19",
          "dependencies": [
            "aws_eks_cluster.stateless_app",
            "aws_iam_role.eks_cluster",
            "aws_iam_role.eks_node_group",
            "aws_iam_role_policy_attachment.eks_cluster_policy",
            "aws_iam_role_policy_attachment.eks_cni_policy",
            "aws_iam_role_policy_attachment.eks_registry_policy",
            "aws_iam_role_policy_attachment.eks_worker_node_policy",
            "data.aws_subnets.default",
            "data.aws_vpc.default"
          ]
        }
      ]
    },
    {
      "mode": "managed",
      "type": "aws_iam_role",
      "name": "eks_cluster",
      "provider": "provider[\"registry.opentofu.org/hashicorp/aws\"]",
      "instances": [
        {
          "schema_version": 0,
          "attributes": {
            "arn": "arn:aws:iam::658310026229:role/stateless-app-eks-cluster-role",
            "assume_role_policy": "{\"Statement\":[{\"Action\":\"sts:AssumeRole\",\"Effect\":\"Allow\",\"Principal\":{\"Service\":\"eks.amazonaws.com\"}}],\"Version\":\"2012-10-17\"}",
            "create_date": "2026-05-31T19:54:40Z",
            "description": "",
            "force_detach_policies": false,
            "id": "stateless-app-eks-cluster-role",
            "inline_policy": [],
            "managed_policy_arns": [
              "arn:aws:iam::aws:policy/AmazonEKSClusterPolicy"
            ],
            "max_session_duration": 3600,
            "name": "stateless-app-eks-cluster-role",
            "name_prefix": "",
            "path": "/",
            "permissions_boundary": "",
            "tags": {},
            "tags_all": {},
            "unique_id": "AROAZSRSV2P23GXJW4RHP"
          },
          "sensitive_attributes": [],
          "private": "bnVsbA=="
        }
      ]
    },
    {
      "mode": "managed",
      "type": "aws_iam_role",
      "name": "eks_node_group",
      "provider": "provider[\"registry.opentofu.org/hashicorp/aws\"]",
      "instances": [
        {
          "schema_version": 0,
          "attributes": {
            "arn": "arn:aws:iam::658310026229:role/stateless-app-eks-node-group-role",
            "assume_role_policy": "{\"Statement\":[{\"Action\":\"sts:AssumeRole\",\"Effect\":\"Allow\",\"Principal\":{\"Service\":\"ec2.amazonaws.com\"}}],\"Version\":\"2012-10-17\"}",
            "create_date": "2026-05-31T19:54:40Z",
            "description": "",
            "force_detach_policies": false,
            "id": "stateless-app-eks-node-group-role",
            "inline_policy": [],
            "managed_policy_arns": [
              "arn:aws:iam::aws:policy/AmazonEC2ContainerRegistryReadOnly",
              "arn:aws:iam::aws:policy/AmazonEKSWorkerNodePolicy",
              "arn:aws:iam::aws:policy/AmazonEKS_CNI_Policy"
            ],
            "max_session_duration": 3600,
            "name": "stateless-app-eks-node-group-role",
            "name_prefix": "",
            "path": "/",
            "permissions_boundary": "",
            "tags": {},
            "tags_all": {},
            "unique_id": "AROAZSRSV2P2VQZTMFQBF"
          },
          "sensitive_attributes": [],
          "private": "bnVsbA=="
        }
      ]
    },
    {
      "mode": "managed",
      "type": "aws_iam_role_policy_attachment",
      "name": "eks_cluster_policy",
      "provider": "provider[\"registry.opentofu.org/hashicorp/aws\"]",
      "instances": [
        {
          "schema_version": 0,
          "attributes": {
            "id": "stateless-app-eks-cluster-role-20260531195441406700000004",
            "policy_arn": "arn:aws:iam::aws:policy/AmazonEKSClusterPolicy",
            "role": "stateless-app-eks-cluster-role"
          },
          "sensitive_attributes": [],
          "private": "bnVsbA==",
          "dependencies": [
            "aws_iam_role.eks_cluster"
          ]
        }
      ]
    },
    {
      "mode": "managed",
      "type": "aws_iam_role_policy_attachment",
      "name": "eks_cni_policy",
      "provider": "provider[\"registry.opentofu.org/hashicorp/aws\"]",
      "instances": [
        {
          "schema_version": 0,
          "attributes": {
            "id": "stateless-app-eks-node-group-role-20260531195441229900000002",
            "policy_arn": "arn:aws:iam::aws:policy/AmazonEKS_CNI_Policy",
            "role": "stateless-app-eks-node-group-role"
          },
          "sensitive_attributes": [],
          "private": "bnVsbA==",
          "dependencies": [
            "aws_iam_role.eks_node_group"
          ]
        }
      ]
    },
    {
      "mode": "managed",
      "type": "aws_iam_role_policy_attachment",
      "name": "eks_registry_policy",
      "provider": "provider[\"registry.opentofu.org/hashicorp/aws\"]",
      "instances": [
        {
          "schema_version": 0,
          "attributes": {
            "id": "stateless-app-eks-node-group-role-20260531195441204900000001",
            "policy_arn": "arn:aws:iam::aws:policy/AmazonEC2ContainerRegistryReadOnly",
            "role": "stateless-app-eks-node-group-role"
          },
          "sensitive_attributes": [],
          "private": "bnVsbA==",
          "dependencies": [
            "aws_iam_role.eks_node_group"
          ]
        }
      ]
    },
    {
      "mode": "managed",
      "type": "aws_iam_role_policy_attachment",
      "name": "eks_worker_node_policy",
      "provider": "provider[\"registry.opentofu.org/hashicorp/aws\"]",
      "instances": [
        {
          "schema_version": 0,
          "attributes": {
            "id": "stateless-app-eks-node-group-role-20260531195441373400000003",
            "policy_arn": "arn:aws:iam::aws:policy/AmazonEKSWorkerNodePolicy",
            "role": "stateless-app-eks-node-group-role"
          },
          "sensitive_attributes": [],
          "private": "bnVsbA==",
          "dependencies": [
            "aws_iam_role.eks_node_group"
          ]
        }
      ]
    },
    {
      "mode": "managed",
      "type": "cloudflare_record",
      "name": "aws_stateless_app",
      "provider": "provider[\"registry.opentofu.org/cloudflare/cloudflare\"]",
      "instances": [
        {
          "schema_version": 3,
          "attributes": {
            "allow_overwrite": false,
            "comment": "",
            "content": "a3907576c7d7c417baeb26b099afcab4-602158432.us-west-2.elb.amazonaws.com",
            "created_on": "2026-05-28T05:06:46.957011Z",
            "data": [],
            "hostname": "aws.captalien.io",
            "id": "87fc8a56238186ee01699fca36d4fc8b",
            "metadata": {},
            "modified_on": "2026-05-31T21:08:09.822202Z",
            "name": "aws",
            "priority": null,
            "proxiable": true,
            "proxied": false,
            "tags": [],
            "timeouts": null,
            "ttl": 60,
            "type": "CNAME",
            "value": null,
            "zone_id": "ccae5296b5737e40149d3d002ab9565f"
          },
          "sensitive_attributes": [],
          "private": "eyJlMmJmYjczMC1lY2FhLTExZTYtOGY4OC0zNDM2M2JjN2M0YzAiOnsiY3JlYXRlIjozMDAwMDAwMDAwMCwidXBkYXRlIjozMDAwMDAwMDAwMH0sInNjaGVtYV92ZXJzaW9uIjoiMyJ9"
        }
      ]
    }
  ],
  "check_results": null
}

