{"version":4,"terraform_version":"1.12.1","serial":5,"lineage":"f6795f90-093e-6f46-6484-704d97abdfb7","outputs":{"aws_account_id":{"value":"658310026229","type":"string"},"aws_region":{"value":"us-west-2","type":"string"},"go_ecr_repository_url":{"value":"658310026229.dkr.ecr.us-west-2.amazonaws.com/stateless-app-go","type":"string"},"swift_ecr_repository_url":{"value":"658310026229.dkr.ecr.us-west-2.amazonaws.com/stateless-app-swift","type":"string"}},"resources":[{"mode":"data","type":"aws_caller_identity","name":"current","provider":"provider[\"registry.opentofu.org/hashicorp/aws\"]","instances":[{"schema_version":0,"attributes":{"account_id":"658310026229","arn":"arn:aws:iam::658310026229:user/terraform-user","id":"658310026229","user_id":"AIDAZSRSV2P25BGBJGH56"},"sensitive_attributes":[]}]},{"mode":"data","type":"aws_region","name":"current","provider":"provider[\"registry.opentofu.org/hashicorp/aws\"]","instances":[{"schema_version":0,"attributes":{"description":"US West (Oregon)","endpoint":"ec2.us-west-2.amazonaws.com","id":"us-west-2","name":"us-west-2"},"sensitive_attributes":[]}]},{"mode":"data","type":"aws_subnets","name":"default","provider":"provider[\"registry.opentofu.org/hashicorp/aws\"]","instances":[{"schema_version":0,"attributes":{"filter":[{"name":"vpc-id","values":["vpc-007111b092a28a3bb"]}],"id":"us-west-2","ids":["subnet-02398a24b1978edbc","subnet-0c06e96c852383687","subnet-0bc2edb552b2b71f0","subnet-0acfde0ae7cca3bac"],"tags":null,"timeouts":null},"sensitive_attributes":[]}]},{"mode":"data","type":"aws_vpc","name":"default","provider":"provider[\"registry.opentofu.org/hashicorp/aws\"]","instances":[{"schema_version":0,"attributes":{"arn":"arn:aws:ec2:us-west-2:658310026229:vpc/vpc-007111b092a28a3bb","cidr_block":"172.31.0.0/16","cidr_block_associations":[{"association_id":"vpc-cidr-assoc-00ac491c6497b8362","cidr_block":"172.31.0.0/16","state":"associated"}],"default":true,"dhcp_options_id":"dopt-048178e8c10bde6d1","enable_dns_hostnames":true,"enable_dns_support":true,"enable_network_address_usage_metrics":false,"filter":null,"id":"vpc-007111b092a28a3bb","instance_tenancy":"default","ipv6_association_id":"","ipv6_cidr_block":"","main_route_table_id":"rtb-0554819345a0f5f4b","owner_id":"658310026229","state":null,"tags":{},"timeouts":null},"sensitive_attributes":[]}]},{"mode":"managed","type":"aws_ecr_repository","name":"go_service","provider":"provider[\"registry.opentofu.org/hashicorp/aws\"]","instances":[{"schema_version":0,"attributes":{"arn":"arn:aws:ecr:us-west-2:658310026229:repository/stateless-app-go","encryption_configuration":[{"encryption_type":"AES256","kms_key":""}],"force_delete":null,"id":"stateless-app-go","image_scanning_configuration":[{"scan_on_push":true}],"image_tag_mutability":"MUTABLE","name":"stateless-app-go","registry_id":"658310026229","repository_url":"658310026229.dkr.ecr.us-west-2.amazonaws.com/stateless-app-go","tags":{},"tags_all":{},"timeouts":null},"sensitive_attributes":[],"private":"eyJlMmJmYjczMC1lY2FhLTExZTYtOGY4OC0zNDM2M2JjN2M0YzAiOnsiZGVsZXRlIjoxMjAwMDAwMDAwMDAwfX0="}]},{"mode":"managed","type":"aws_ecr_repository","name":"swift_service","provider":"provider[\"registry.opentofu.org/hashicorp/aws\"]","instances":[{"schema_version":0,"attributes":{"arn":"arn:aws:ecr:us-west-2:658310026229:repository/stateless-app-swift","encryption_configuration":[{"encryption_type":"AES256","kms_key":""}],"force_delete":null,"id":"stateless-app-swift","image_scanning_configuration":[{"scan_on_push":true}],"image_tag_mutability":"MUTABLE","name":"stateless-app-swift","registry_id":"658310026229","repository_url":"658310026229.dkr.ecr.us-west-2.amazonaws.com/stateless-app-swift","tags":{},"tags_all":{},"timeouts":null},"sensitive_attributes":[],"private":"eyJlMmJmYjczMC1lY2FhLTExZTYtOGY4OC0zNDM2M2JjN2M0YzAiOnsiZGVsZXRlIjoxMjAwMDAwMDAwMDAwfX0="}]},{"mode":"managed","type":"aws_eks_cluster","name":"stateless_app","provider":"provider[\"registry.opentofu.org/hashicorp/aws\"]","instances":[{"schema_version":1,"attributes":{"access_config":[{"authentication_mode":"CONFIG_MAP","bootstrap_cluster_creator_admin_permissions":true}],"arn":"arn:aws:eks:us-west-2:658310026229:cluster/stateless-app-eks","bootstrap_self_managed_addons":true,"certificate_authority":[{"data":"LS0tLS1CRUdJTiBDRVJUSUZJQ0FURS0tLS0tCk1JSURCVENDQWUyZ0F3SUJBZ0lJUDhzK0hrT2c5amt3RFFZSktvWklodmNOQVFFTEJRQXdGVEVUTUJFR0ExVUUKQXhNS2EzVmlaWEp1WlhSbGN6QWVGdzB5TmpBMU1qZ3dNelV6TVRsYUZ3MHpOakExTWpVd016VTRNVGxhTUJVeApFekFSQmdOVkJBTVRDbXQxWW1WeWJtVjBaWE13Z2dFaU1BMEdDU3FHU0liM0RRRUJBUVVBQTRJQkR3QXdnZ0VLCkFvSUJBUUR1T3N2UlMwc0crNi9oVG1FV1BKN2dybW81bmk3SFZid1d4K3BjekJETkdoWjh6TFNHQ05CMW5WYTUKbVBIRkExWlhsVmtBNU9JSmFIcEhmRWxNR1dEalcrT1BjN2ZtOHY3c0xZVExHemh0R3IrUjQwYmFNcFZJanhKMQpiVTBuZEtPWjZLYkRvVTNJeWR6RzVNUWptOWlZTTlCM2d0NkpuYkpjWW1yNW85SWxCcUt5S0w5OElFUlJhTFArCjdNQUsyU1kwUm1CNlRGWGxLM2Uxd1VVeTJaS3VkWVZEU00xQm95aFdQS2IzSmxCc1BWK3MvL3JMcEUyZWo3dnUKc2NaVjhCdnRtSEdYMUtyNVE4aXpVaGVaUTRqNXh1Nkl5WDNROHZZWW9WMHB6MjB2aEhOcDZtTmxRNXNxdHNJVQpIYkpaVDQ3eGkwQmc0YkpjZGlJUHFtcnEyd25SQWdNQkFBR2pXVEJYTUE0R0ExVWREd0VCL3dRRUF3SUNwREFQCkJnTlZIUk1CQWY4RUJUQURBUUgvTUIwR0ExVWREZ1FXQkJTell2TDBnUHhLVXJ5T3RiS0YyNVZ5aHMrNnVUQVYKQmdOVkhSRUVEakFNZ2dwcmRXSmxjbTVsZEdWek1BMEdDU3FHU0liM0RRRUJDd1VBQTRJQkFRRG8xQlZxMUxmWQprbURGOVltTWJNVVplc2VzNTFTc3JiVkNYVE9oSEtxcWlCRVY3RTlvZGYzdzI0ZStUY29udUlVa0puV1JYdnJyCmxDOFE0a01PRzlQQ29lSUZxakN0TlIxNHk3L1lVWjZtTWdaNnNKMUd0MXJpNXpMSGpuKzBvcEgycnFGVStsUmIKeVFXNXRscmQ3eXlYU1J1aGUvOWJIT3FheUJoT29VMnB6MGE5VzVjc2Q4MHJPMVMwRTZWNGoyZzBCTXpJdHBncwprMm1PZXc1eXljQkx3UVRKbndGQUFackxGWVlyY0d1U0RzRnl1K3VpVGdReHlNWXZLaVQ2ZHFsYllMeklpbm1GCkRlSGV1UHBoS3Z6WGZKS2pjdnpMV3BHbzl6cnVpSlBGWHpOYXFxREdUbXhpbVlVR045cEtMaUUxZVo1L2tVTlAKdy9zdGhBdXpJa09QCi0tLS0tRU5EIENFUlRJRklDQVRFLS0tLS0K"}],"cluster_id":null,"compute_config":[],"created_at":"2026-05-28T03:53:39Z","enabled_cluster_log_types":[],"encryption_config":[],"endpoint":"https://644587AE500C9AEC79ECFA449221F3E7.gr7.us-west-2.eks.amazonaws.com","force_update_version":null,"id":"stateless-app-eks","identity":[{"oidc":[{"issuer":"https://oidc.eks.us-west-2.amazonaws.com/id/644587AE500C9AEC79ECFA449221F3E7"}]}],"kubernetes_network_config":[{"elastic_load_balancing":[{"enabled":false}],"ip_family":"ipv4","service_ipv4_cidr":"10.100.0.0/16","service_ipv6_cidr":""}],"name":"stateless-app-eks","outpost_config":[],"platform_version":"eks.13","remote_network_config":[],"role_arn":"arn:aws:iam::658310026229:role/stateless-app-eks-cluster-role","status":"ACTIVE","storage_config":[],"tags":{"Lab":"true","Project":"stateless-app"},"tags_all":{"Lab":"true","Project":"stateless-app"},"timeouts":null,"upgrade_policy":[{"support_type":"EXTENDED"}],"version":"1.35","vpc_config":[{"cluster_security_group_id":"sg-0354e92766da90283","endpoint_private_access":false,"endpoint_public_access":true,"public_access_cidrs":["0.0.0.0/0"],"security_group_ids":[],"subnet_ids":["subnet-02398a24b1978edbc","subnet-0acfde0ae7cca3bac","subnet-0bc2edb552b2b71f0","subnet-0c06e96c852383687"],"vpc_id":"vpc-007111b092a28a3bb"}],"zonal_shift_config":[]},"sensitive_attributes":[],"private":"eyJlMmJmYjczMC1lY2FhLTExZTYtOGY4OC0zNDM2M2JjN2M0YzAiOnsiY3JlYXRlIjoxODAwMDAwMDAwMDAwLCJkZWxldGUiOjkwMDAwMDAwMDAwMCwidXBkYXRlIjozNjAwMDAwMDAwMDAwfSwic2NoZW1hX3ZlcnNpb24iOiIxIn0=","dependencies":["aws_iam_role.eks_cluster","aws_iam_role_policy_attachment.eks_cluster_policy","data.aws_subnets.default","data.aws_vpc.default"]}]},{"mode":"managed","type":"aws_iam_role","name":"eks_cluster","provider":"provider[\"registry.opentofu.org/hashicorp/aws\"]","instances":[{"schema_version":0,"attributes":{"arn":"arn:aws:iam::658310026229:role/stateless-app-eks-cluster-role","assume_role_policy":"{\"Statement\":[{\"Action\":\"sts:AssumeRole\",\"Effect\":\"Allow\",\"Principal\":{\"Service\":\"eks.amazonaws.com\"}}],\"Version\":\"2012-10-17\"}","create_date":"2026-05-28T03:51:42Z","description":"","force_detach_policies":false,"id":"stateless-app-eks-cluster-role","inline_policy":[],"managed_policy_arns":["arn:aws:iam::aws:policy/AmazonEKSClusterPolicy"],"max_session_duration":3600,"name":"stateless-app-eks-cluster-role","name_prefix":"","path":"/","permissions_boundary":"","tags":{},"tags_all":{},"unique_id":"AROAZSRSV2P24WJHACWXW"},"sensitive_attributes":[],"private":"bnVsbA=="}]},{"mode":"managed","type":"aws_iam_role","name":"eks_node_group","provider":"provider[\"registry.opentofu.org/hashicorp/aws\"]","instances":[{"schema_version":0,"attributes":{"arn":"arn:aws:iam::658310026229:role/stateless-app-eks-node-group-role","assume_role_policy":"{\"Statement\":[{\"Action\":\"sts:AssumeRole\",\"Effect\":\"Allow\",\"Principal\":{\"Service\":\"ec2.amazonaws.com\"}}],\"Version\":\"2012-10-17\"}","create_date":"2026-05-28T03:51:42Z","description":"","force_detach_policies":false,"id":"stateless-app-eks-node-group-role","inline_policy":[],"managed_policy_arns":["arn:aws:iam::aws:policy/AmazonEC2ContainerRegistryReadOnly","arn:aws:iam::aws:policy/AmazonEKSWorkerNodePolicy","arn:aws:iam::aws:policy/AmazonEKS_CNI_Policy"],"max_session_duration":3600,"name":"stateless-app-eks-node-group-role","name_prefix":"","path":"/","permissions_boundary":"","tags":{},"tags_all":{},"unique_id":"AROAZSRSV2P2SHEVEO7SJ"},"sensitive_attributes":[],"private":"bnVsbA=="}]},{"mode":"managed","type":"aws_iam_role_policy_attachment","name":"eks_cluster_policy","provider":"provider[\"registry.opentofu.org/hashicorp/aws\"]","instances":[{"schema_version":0,"attributes":{"id":"stateless-app-eks-cluster-role-20260528035143247400000001","policy_arn":"arn:aws:iam::aws:policy/AmazonEKSClusterPolicy","role":"stateless-app-eks-cluster-role"},"sensitive_attributes":[],"private":"bnVsbA==","dependencies":["aws_iam_role.eks_cluster"]}]},{"mode":"managed","type":"aws_iam_role_policy_attachment","name":"eks_cni_policy","provider":"provider[\"registry.opentofu.org/hashicorp/aws\"]","instances":[{"schema_version":0,"attributes":{"id":"stateless-app-eks-node-group-role-20260528035143504400000004","policy_arn":"arn:aws:iam::aws:policy/AmazonEKS_CNI_Policy","role":"stateless-app-eks-node-group-role"},"sensitive_attributes":[],"private":"bnVsbA==","dependencies":["aws_iam_role.eks_node_group"]}]},{"mode":"managed","type":"aws_iam_role_policy_attachment","name":"eks_registry_policy","provider":"provider[\"registry.opentofu.org/hashicorp/aws\"]","instances":[{"schema_version":0,"attributes":{"id":"stateless-app-eks-node-group-role-20260528035143309000000002","policy_arn":"arn:aws:iam::aws:policy/AmazonEC2ContainerRegistryReadOnly","role":"stateless-app-eks-node-group-role"},"sensitive_attributes":[],"private":"bnVsbA==","dependencies":["aws_iam_role.eks_node_group"]}]},{"mode":"managed","type":"aws_iam_role_policy_attachment","name":"eks_worker_node_policy","provider":"provider[\"registry.opentofu.org/hashicorp/aws\"]","instances":[{"schema_version":0,"attributes":{"id":"stateless-app-eks-node-group-role-20260528035143400600000003","policy_arn":"arn:aws:iam::aws:policy/AmazonEKSWorkerNodePolicy","role":"stateless-app-eks-node-group-role"},"sensitive_attributes":[],"private":"bnVsbA==","dependencies":["aws_iam_role.eks_node_group"]}]}],"check_results":null}
